
Microsoft Visual Studio Solution File, Format Version 12.00
# Visual Studio Version 16
VisualStudioVersion = 16.0.28803.352
MinimumVisualStudioVersion = 10.0.40219.1
Project("{9A19103F-16F7-4668-BE54-9A1E7A4F7556}") = "CoreIdentityConfigs", "CoreIdentityConfigs\CoreIdentityConfigs.csproj", "{05EE92DE-0EC2-4530-8AA9-C5685378C896}"
EndProject
Project("{9A19103F-16F7-4668-BE54-9A1E7A4F7556}") = "AddIdentity_ProjetoExistente", "AddIdentity_ProjetoExistente\AddIdentity_ProjetoExistente.csproj", "{F9CFD3B4-1A3C-434C-9219-80FFB84EB07E}"
EndProject
Project("{FAE04EC0-301F-11D3-BF4B-00C04F79EFBC}") = "ExternalProvidersIdentity", "ExternalProvidersIdentity\ExternalProvidersIdentity.csproj", "{0055D7DD-9766-43B7-A568-989F88768CAA}"
EndProject
Global
	GlobalSection(SolutionConfigurationPlatforms) = preSolution
		Debug|Any CPU = Debug|Any CPU
		Release|Any CPU = Release|Any CPU
	EndGlobalSection
	GlobalSection(ProjectConfigurationPlatforms) = postSolution
		{05EE92DE-0EC2-4530-8AA9-C5685378C896}.Debug|Any CPU.ActiveCfg = Debug|Any CPU
		{05EE92DE-0EC2-4530-8AA9-C5685378C896}.Debug|Any CPU.Build.0 = Debug|Any CPU
		{05EE92DE-0EC2-4530-8AA9-C5685378C896}.Release|Any CPU.ActiveCfg = Release|Any CPU
		{05EE92DE-0EC2-4530-8AA9-C5685378C896}.Release|Any CPU.Build.0 = Release|Any CPU
		{F9CFD3B4-1A3C-434C-9219-80FFB84EB07E}.Debug|Any CPU.ActiveCfg = Debug|Any CPU
		{F9CFD3B4-1A3C-434C-9219-80FFB84EB07E}.Debug|Any CPU.Build.0 = Debug|Any CPU
		{F9CFD3B4-1A3C-434C-9219-80FFB84EB07E}.Release|Any CPU.ActiveCfg = Release|Any CPU
		{F9CFD3B4-1A3C-434C-9219-80FFB84EB07E}.Release|Any CPU.Build.0 = Release|Any CPU
		{0055D7DD-9766-43B7-A568-989F88768CAA}.Debug|Any CPU.ActiveCfg = Debug|Any CPU
		{0055D7DD-9766-43B7-A568-989F88768CAA}.Debug|Any CPU.Build.0 = Debug|Any CPU
		{0055D7DD-9766-43B7-A568-989F88768CAA}.Release|Any CPU.ActiveCfg = Release|Any CPU
		{0055D7DD-9766-43B7-A568-989F88768CAA}.Release|Any CPU.Build.0 = Release|Any CPU
	EndGlobalSection
	GlobalSection(SolutionProperties) = preSolution
		HideSolutionNode = FALSE
	EndGlobalSection
	GlobalSection(ExtensibilityGlobals) = postSolution
		SolutionGuid = {CD612D83-7867-4720-B52A-0A51AD6C1E4C}
	EndGlobalSection
EndGlobal
